# THIS IS AN AUTOGENERATED FILE. DO NOT EDIT THIS FILE DIRECTLY.
# yarn lockfile v1


expo-linear-gradient@^8.1.0:
  version "8.1.0"
  resolved "https://registry.yarnpkg.com/expo-linear-gradient/-/expo-linear-gradient-8.1.0.tgz#6933765cf1e76ef2928fd8495e779929699ac4c6"
  integrity sha512-AIy2pOXQRcgk2XE5IgAzd1S2jTFLutiDfveNm6m3fPAk00Rw4qFe98qzte1ayNrGYLJvQ2xq/Y7C0BmBP051mg==
